
Microsoft Visual Studio Solution File, Format Version 12.00
# Visual Studio 15
VisualStudioVersion = 15.0.28307.271
MinimumVisualStudioVersion = 10.0.40219.1
Project("{FAE04EC0-301F-11D3-BF4B-00C04F79EFBC}") = "Account Balance", "Account Balance\Account Balance.csproj", "{544DD051-5E56-49DD-897D-6E4D1FC27F8D}"
EndProject
Global
	GlobalSection(SolutionConfigurationPlatforms) = preSolution
		Debug|Any CPU = Debug|Any CPU
		Release|Any CPU = Release|Any CPU
	EndGlobalSection
	GlobalSection(ProjectConfigurationPlatforms) = postSolution
		{544DD051-5E56-49DD-897D-6E4D1FC27F8D}.Debug|Any CPU.ActiveCfg = Debug|Any CPU
		{544DD051-5E56-49DD-897D-6E4D1FC27F8D}.Debug|Any CPU.Build.0 = Debug|Any CPU
		{544DD051-5E56-49DD-897D-6E4D1FC27F8D}.Release|Any CPU.ActiveCfg = Release|Any CPU
		{544DD051-5E56-49DD-897D-6E4D1FC27F8D}.Release|Any CPU.Build.0 = Release|Any CPU
	EndGlobalSection
	GlobalSection(SolutionProperties) = preSolution
		HideSolutionNode = FALSE
	EndGlobalSection
	GlobalSection(ExtensibilityGlobals) = postSolution
		SolutionGuid = {44EDB4F1-0599-4537-A6DE-01030D884341}
	EndGlobalSection
EndGlobal
